
Microsoft Visual Studio Solution File, Format Version 12.00
# Visual Studio Version 17
VisualStudioVersion = 17.11.35327.3
MinimumVisualStudioVersion = 10.0.40219.1
Project("{FAE04EC0-301F-11D3-BF4B-00C04F79EFBC}") = "TerrenoAreaPreco", "TerrenoAreaPreco\TerrenoAreaPreco.csproj", "{45AFEE0E-CB9C-4AB8-B4EE-5C45D774548A}"
EndProject
Global
	GlobalSection(SolutionConfigurationPlatforms) = preSolution
		Debug|Any CPU = Debug|Any CPU
		Release|Any CPU = Release|Any CPU
	EndGlobalSection
	GlobalSection(ProjectConfigurationPlatforms) = postSolution
		{45AFEE0E-CB9C-4AB8-B4EE-5C45D774548A}.Debug|Any CPU.ActiveCfg = Debug|Any CPU
		{45AFEE0E-CB9C-4AB8-B4EE-5C45D774548A}.Debug|Any CPU.Build.0 = Debug|Any CPU
		{45AFEE0E-CB9C-4AB8-B4EE-5C45D774548A}.Release|Any CPU.ActiveCfg = Release|Any CPU
		{45AFEE0E-CB9C-4AB8-B4EE-5C45D774548A}.Release|Any CPU.Build.0 = Release|Any CPU
	EndGlobalSection
	GlobalSection(SolutionProperties) = preSolution
		HideSolutionNode = FALSE
	EndGlobalSection
	GlobalSection(ExtensibilityGlobals) = postSolution
		SolutionGuid = {710C93FD-C1BA-46EB-95F1-6800F0E4D80F}
	EndGlobalSection
EndGlobal
